// !$*UTF8*$!
{
	archiveVersion = 1;
	classes = {
	};
	objectVersion = 55;
	objects = {

/* Begin PBXBuildFile section */
		1794D41626CB4A2B0011E7E0 /* AmbientLightManager.swift in Sources */ = {isa = PBXBuildFile; fileRef = 1794D41526CB4A2B0011E7E0 /* AmbientLightManager.swift */; };
		17BB134826CB40BD00F9D637 /* AppDelegate.swift in Sources */ = {isa = PBXBuildFile; fileRef = 17BB134726CB40BD00F9D637 /* AppDelegate.swift */; };
		17BB134A26CB40BD00F9D637 /* ContentView.swift in Sources */ = {isa = PBXBuildFile; fileRef = 17BB134926CB40BD00F9D637 /* ContentView.swift */; };
		17BB134C26CB40BD00F9D637 /* Experience.rcproject in Sources */ = {isa = PBXBuildFile; fileRef = 17BB134B26CB40BD00F9D637 /* Experience.rcproject */; };
		17BB134E26CB40BF00F9D637 /* Assets.xcassets in Resources */ = {isa = PBXBuildFile; fileRef = 17BB134D26CB40BF00F9D637 /* Assets.xcassets */; };
		17BB135126CB40BF00F9D637 /* Preview Assets.xcassets in Resources */ = {isa = PBXBuildFile; fileRef = 17BB135026CB40BF00F9D637 /* Preview Assets.xcassets */; };
		17BB135B26CB40BF00F9D637 /* Ambient_LightTests.swift in Sources */ = {isa = PBXBuildFile; fileRef = 17BB135A26CB40BF00F9D637 /* Ambient_LightTests.swift */; };
		17BB136526CB40BF00F9D637 /* Ambient_LightUITests.swift in Sources */ = {isa = PBXBuildFile; fileRef = 17BB136426CB40BF00F9D637 /* Ambient_LightUITests.swift */; };
		17BB136726CB40BF00F9D637 /* Ambient_LightUITestsLaunchTests.swift in Sources */ = {isa = PBXBuildFile; fileRef = 17BB136626CB40BF00F9D637 /* Ambient_LightUITestsLaunchTests.swift */; };
/* End PBXBuildFile section */

/* Begin PBXContainerItemProxy section */
		17BB135726CB40BF00F9D637 /* PBXContainerItemProxy */ = {
			isa = PBXContainerItemProxy;
			containerPortal = 17BB133C26CB40BD00F9D637 /* Project object */;
			proxyType = 1;
			remoteGlobalIDString = 17BB134326CB40BD00F9D637;
			remoteInfo = "Ambient Light";
		};
		17BB136126CB40BF00F9D637 /* PBXContainerItemProxy */ = {
			isa = PBXContainerItemProxy;
			containerPortal = 17BB133C26CB40BD00F9D637 /* Project object */;
			proxyType = 1;
			remoteGlobalIDString = 17BB134326CB40BD00F9D637;
			remoteInfo = "Ambient Light";
		};
/* End PBXContainerItemProxy section */

/* Begin PBXFileReference section */
		1794D41526CB4A2B0011E7E0 /* AmbientLightManager.swift */ = {isa = PBXFileReference; lastKnownFileType = sourcecode.swift; path = AmbientLightManager.swift; sourceTree = "<group>"; };
		17BB134426CB40BD00F9D637 /* Ambient Light.app */ = {isa = PBXFileReference; explicitFileType = wrapper.application; includeInIndex = 0; path = "Ambient Light.app"; sourceTree = BUILT_PRODUCTS_DIR; };
		17BB134726CB40BD00F9D637 /* AppDelegate.swift */ = {isa = PBXFileReference; lastKnownFileType = sourcecode.swift; path = AppDelegate.swift; sourceTree = "<group>"; };
		17BB134926CB40BD00F9D637 /* ContentView.swift */ = {isa = PBXFileReference; lastKnownFileType = sourcecode.swift; path = ContentView.swift; sourceTree = "<group>"; };
		17BB134B26CB40BD00F9D637 /* Experience.rcproject */ = {isa = PBXFileReference; lastKnownFileType = file.rcproject; path = Experience.rcproject; sourceTree = "<group>"; };
		17BB134D26CB40BF00F9D637 /* Assets.xcassets */ = {isa = PBXFileReference; lastKnownFileType = folder.assetcatalog; path = Assets.xcassets; sourceTree = "<group>"; };
		17BB135026CB40BF00F9D637 /* Preview Assets.xcassets */ = {isa = PBXFileReference; lastKnownFileType = folder.assetcatalog; path = "Preview Assets.xcassets"; sourceTree = "<group>"; };
		17BB135626CB40BF00F9D637 /* Ambient LightTests.xctest */ = {isa = PBXFileReference; explicitFileType = wrapper.cfbundle; includeInIndex = 0; path = "Ambient LightTests.xctest"; sourceTree = BUILT_PRODUCTS_DIR; };
		17BB135A26CB40BF00F9D637 /* Ambient_LightTests.swift */ = {isa = PBXFileReference; lastKnownFileType = sourcecode.swift; path = Ambient_LightTests.swift; sourceTree = "<group>"; };
		17BB136026CB40BF00F9D637 /* Ambient LightUITests.xctest */ = {isa = PBXFileReference; explicitFileType = wrapper.cfbundle; includeInIndex = 0; path = "Ambient LightUITests.xctest"; sourceTree = BUILT_PRODUCTS_DIR; };
		17BB136426CB40BF00F9D637 /* Ambient_LightUITests.swift */ = {isa = PBXFileReference; lastKnownFileType = sourcecode.swift; path = Ambient_LightUITests.swift; sourceTree = "<group>"; };
		17BB136626CB40BF00F9D637 /* Ambient_LightUITestsLaunchTests.swift */ = {isa = PBXFileReference; lastKnownFileType = sourcecode.swift; path = Ambient_LightUITestsLaunchTests.swift; sourceTree = "<group>"; };
/* End PBXFileReference section */

/* Begin PBXFrameworksBuildPhase section */
		17BB134126CB40BD00F9D637 /* Frameworks */ = {
			isa = PBXFrameworksBuildPhase;
			buildActionMask = 2147483647;
			files = (
			);
			runOnlyForDeploymentPostprocessing = 0;
		};
		17BB135326CB40BF00F9D637 /* Frameworks */ = {
			isa = PBXFrameworksBuildPhase;
			buildActionMask = 2147483647;
			files = (
			);
			runOnlyForDeploymentPostprocessing = 0;
		};
		17BB135D26CB40BF00F9D637 /* Frameworks */ = {
			isa = PBXFrameworksBuildPhase;
			buildActionMask = 2147483647;
			files = (
			);
			runOnlyForDeploymentPostprocessing = 0;
		};
/* End PBXFrameworksBuildPhase section */

/* Begin PBXGroup section */
		17BB133B26CB40BD00F9D637 = {
			isa = PBXGroup;
			children = (
				17BB134626CB40BD00F9D637 /* Ambient Light */,
				17BB135926CB40BF00F9D637 /* Ambient LightTests */,
				17BB136326CB40BF00F9D637 /* Ambient LightUITests */,
				17BB134526CB40BD00F9D637 /* Products */,
			);
			sourceTree = "<group>";
		};
		17BB134526CB40BD00F9D637 /* Products */ = {
			isa = PBXGroup;
			children = (
				17BB134426CB40BD00F9D637 /* Ambient Light.app */,
				17BB135626CB40BF00F9D637 /* Ambient LightTests.xctest */,
				17BB136026CB40BF00F9D637 /* Ambient LightUITests.xctest */,
			);
			name = Products;
			sourceTree = "<group>";
		};
		17BB134626CB40BD00F9D637 /* Ambient Light */ = {
			isa = PBXGroup;
			children = (
				17BB134726CB40BD00F9D637 /* AppDelegate.swift */,
				17BB134926CB40BD00F9D637 /* ContentView.swift */,
				17BB134B26CB40BD00F9D637 /* Experience.rcproject */,
				17BB134D26CB40BF00F9D637 /* Assets.xcassets */,
				17BB134F26CB40BF00F9D637 /* Preview Content */,
				1794D41526CB4A2B0011E7E0 /* AmbientLightManager.swift */,
			);
			path = "Ambient Light";
			sourceTree = "<group>";
		};
		17BB134F26CB40BF00F9D637 /* Preview Content */ = {
			isa = PBXGroup;
			children = (
				17BB135026CB40BF00F9D637 /* Preview Assets.xcassets */,
			);
			path = "Preview Content";
			sourceTree = "<group>";
		};
		17BB135926CB40BF00F9D637 /* Ambient LightTests */ = {
			isa = PBXGroup;
			children = (
				17BB135A26CB40BF00F9D637 /* Ambient_LightTests.swift */,
			);
			path = "Ambient LightTests";
			sourceTree = "<group>";
		};
		17BB136326CB40BF00F9D637 /* Ambient LightUITests */ = {
			isa = PBXGroup;
			children = (
				17BB136426CB40BF00F9D637 /* Ambient_LightUITests.swift */,
				17BB136626CB40BF00F9D637 /* Ambient_LightUITestsLaunchTests.swift */,
			);
			path = "Ambient LightUITests";
			sourceTree = "<group>";
		};
/* End PBXGroup section */

/* Begin PBXNativeTarget section */
		17BB134326CB40BD00F9D637 /* Ambient Light */ = {
			isa = PBXNativeTarget;
			buildConfigurationList = 17BB136A26CB40BF00F9D637 /* Build configuration list for PBXNativeTarget "Ambient Light" */;
			buildPhases = (
				17BB134026CB40BD00F9D637 /* Sources */,
				17BB134126CB40BD00F9D637 /* Frameworks */,
				17BB134226CB40BD00F9D637 /* Resources */,
			);
			buildRules = (
			);
			dependencies = (
			);
			name = "Ambient Light";
			productName = "Ambient Light";
			productReference = 17BB134426CB40BD00F9D637 /* Ambient Light.app */;
			productType = "com.apple.product-type.application";
		};
		17BB135526CB40BF00F9D637 /* Ambient LightTests */ = {
			isa = PBXNativeTarget;
			buildConfigurationList = 17BB136D26CB40BF00F9D637 /* Build configuration list for PBXNativeTarget "Ambient LightTests" */;
			buildPhases = (
				17BB135226CB40BF00F9D637 /* Sources */,
				17BB135326CB40BF00F9D637 /* Frameworks */,
				17BB135426CB40BF00F9D637 /* Resources */,
			);
			buildRules = (
			);
			dependencies = (
				17BB135826CB40BF00F9D637 /* PBXTargetDependency */,
			);
			name = "Ambient LightTests";
			productName = "Ambient LightTests";
			productReference = 17BB135626CB40BF00F9D637 /* Ambient LightTests.xctest */;
			productType = "com.apple.product-type.bundle.unit-test";
		};
		17BB135F26CB40BF00F9D637 /* Ambient LightUITests */ = {
			isa = PBXNativeTarget;
			buildConfigurationList = 17BB137026CB40BF00F9D637 /* Build configuration list for PBXNativeTarget "Ambient LightUITests" */;
			buildPhases = (
				17BB135C26CB40BF00F9D637 /* Sources */,
				17BB135D26CB40BF00F9D637 /* Frameworks */,
				17BB135E26CB40BF00F9D637 /* Resources */,
			);
			buildRules = (
			);
			dependencies = (
				17BB136226CB40BF00F9D637 /* PBXTargetDependency */,
			);
			name = "Ambient LightUITests";
			productName = "Ambient LightUITests";
			productReference = 17BB136026CB40BF00F9D637 /* Ambient LightUITests.xctest */;
			productType = "com.apple.product-type.bundle.ui-testing";
		};
/* End PBXNativeTarget section */

/* Begin PBXProject section */
		17BB133C26CB40BD00F9D637 /* Project object */ = {
			isa = PBXProject;
			attributes = {
				BuildIndependentTargetsInParallel = 1;
				LastSwiftUpdateCheck = 1300;
				LastUpgradeCheck = 1300;
				TargetAttributes = {
					17BB134326CB40BD00F9D637 = {
						CreatedOnToolsVersion = 13.0;
					};
					17BB135526CB40BF00F9D637 = {
						CreatedOnToolsVersion = 13.0;
						TestTargetID = 17BB134326CB40BD00F9D637;
					};
					17BB135F26CB40BF00F9D637 = {
						CreatedOnToolsVersion = 13.0;
						TestTargetID = 17BB134326CB40BD00F9D637;
					};
				};
			};
			buildConfigurationList = 17BB133F26CB40BD00F9D637 /* Build configuration list for PBXProject "Ambient Light" */;
			compatibilityVersion = "Xcode 13.0";
			developmentRegion = en;
			hasScannedForEncodings = 0;
			knownRegions = (
				en,
				Base,
			);
			mainGroup = 17BB133B26CB40BD00F9D637;
			productRefGroup = 17BB134526CB40BD00F9D637 /* Products */;
			projectDirPath = "";
			projectRoot = "";
			targets = (
				17BB134326CB40BD00F9D637 /* Ambient Light */,
				17BB135526CB40BF00F9D637 /* Ambient LightTests */,
				17BB135F26CB40BF00F9D637 /* Ambient LightUITests */,
			);
		};
/* End PBXProject section */

/* Begin PBXResourcesBuildPhase section */
		17BB134226CB40BD00F9D637 /* Resources */ = {
			isa = PBXResourcesBuildPhase;
			buildActionMask = 2147483647;
			files = (
				17BB135126CB40BF00F9D637 /* Preview Assets.xcassets in Resources */,
				17BB134E26CB40BF00F9D637 /* Assets.xcassets in Resources */,
			);
			runOnlyForDeploymentPostprocessing = 0;
		};
		17BB135426CB40BF00F9D637 /* Resources */ = {
			isa = PBXResourcesBuildPhase;
			buildActionMask = 2147483647;
			files = (
			);
			runOnlyForDeploymentPostprocessing = 0;
		};
		17BB135E26CB40BF00F9D637 /* Resources */ = {
			isa = PBXResourcesBuildPhase;
			buildActionMask = 2147483647;
			files = (
			);
			runOnlyForDeploymentPostprocessing = 0;
		};
/* End PBXResourcesBuildPhase section */

/* Begin PBXSourcesBuildPhase section */
		17BB134026CB40BD00F9D637 /* Sources */ = {
			isa = PBXSourcesBuildPhase;
			buildActionMask = 2147483647;
			files = (
				17BB134A26CB40BD00F9D637 /* ContentView.swift in Sources */,
				17BB134826CB40BD00F9D637 /* AppDelegate.swift in Sources */,
				17BB134C26CB40BD00F9D637 /* Experience.rcproject in Sources */,
				1794D41626CB4A2B0011E7E0 /* AmbientLightManager.swift in Sources */,
			);
			runOnlyForDeploymentPostprocessing = 0;
		};
		17BB135226CB40BF00F9D637 /* Sources */ = {
			isa = PBXSourcesBuildPhase;
			buildActionMask = 2147483647;
			files = (
				17BB135B26CB40BF00F9D637 /* Ambient_LightTests.swift in Sources */,
			);
			runOnlyForDeploymentPostprocessing = 0;
		};
		17BB135C26CB40BF00F9D637 /* Sources */ = {
			isa = PBXSourcesBuildPhase;
			buildActionMask = 2147483647;
			files = (
				17BB136726CB40BF00F9D637 /* Ambient_LightUITestsLaunchTests.swift in Sources */,
				17BB136526CB40BF00F9D637 /* Ambient_LightUITests.swift in Sources */,
			);
			runOnlyForDeploymentPostprocessing = 0;
		};
/* End PBXSourcesBuildPhase section */

/* Begin PBXTargetDependency section */
		17BB135826CB40BF00F9D637 /* PBXTargetDependency */ = {
			isa = PBXTargetDependency;
			target = 17BB134326CB40BD00F9D637 /* Ambient Light */;
			targetProxy = 17BB135726CB40BF00F9D637 /* PBXContainerItemProxy */;
		};
		17BB136226CB40BF00F9D637 /* PBXTargetDependency */ = {
			isa = PBXTargetDependency;
			target = 17BB134326CB40BD00F9D637 /* Ambient Light */;
			targetProxy = 17BB136126CB40BF00F9D637 /* PBXContainerItemProxy */;
		};
/* End PBXTargetDependency section */

/* Begin XCBuildConfiguration section */
		17BB136826CB40BF00F9D637 /* Debug */ = {
			isa = XCBuildConfiguration;
			buildSettings = {
				ALWAYS_SEARCH_USER_PATHS = NO;
				CLANG_ANALYZER_NONNULL = YES;
				CLANG_ANALYZER_NUMBER_OBJECT_CONVERSION = YES_AGGRESSIVE;
				CLANG_CXX_LANGUAGE_STANDARD = "gnu++17";
				CLANG_CXX_LIBRARY = "libc++";
				CLANG_ENABLE_MODULES = YES;
				CLANG_ENABLE_OBJC_ARC = YES;
				CLANG_ENABLE_OBJC_WEAK = YES;
				CLANG_WARN_BLOCK_CAPTURE_AUTORELEASING = YES;
				CLANG_WARN_BOOL_CONVERSION = YES;
				CLANG_WARN_COMMA = YES;
				CLANG_WARN_CONSTANT_CONVERSION = YES;
				CLANG_WARN_DEPRECATED_OBJC_IMPLEMENTATIONS = YES;
				CLANG_WARN_DIRECT_OBJC_ISA_USAGE = YES_ERROR;
				CLANG_WARN_DOCUMENTATION_COMMENTS = YES;
				CLANG_WARN_EMPTY_BODY = YES;
				CLANG_WARN_ENUM_CONVERSION = YES;
				CLANG_WARN_INFINITE_RECURSION = YES;
				CLANG_WARN_INT_CONVERSION = YES;
				CLANG_WARN_NON_LITERAL_NULL_CONVERSION = YES;
				CLANG_WARN_OBJC_IMPLICIT_RETAIN_SELF = YES;
				CLANG_WARN_OBJC_LITERAL_CONVERSION = YES;
				CLANG_WARN_OBJC_ROOT_CLASS = YES_ERROR;
				CLANG_WARN_QUOTED_INCLUDE_IN_FRAMEWORK_HEADER = YES;
				CLANG_WARN_RANGE_LOOP_ANALYSIS = YES;
				CLANG_WARN_STRICT_PROTOTYPES = YES;
				CLANG_WARN_SUSPICIOUS_MOVE = YES;
				CLANG_WARN_UNGUARDED_AVAILABILITY = YES_AGGRESSIVE;
				CLANG_WARN_UNREACHABLE_CODE = YES;
				CLANG_WARN__DUPLICATE_METHOD_MATCH = YES;
				COPY_PHASE_STRIP = NO;
				DEBUG_INFORMATION_FORMAT = dwarf;
				ENABLE_STRICT_OBJC_MSGSEND = YES;
				ENABLE_TESTABILITY = YES;
				GCC_C_LANGUAGE_STANDARD = gnu11;
				GCC_DYNAMIC_NO_PIC = NO;
				GCC_NO_COMMON_BLOCKS = YES;
				GCC_OPTIMIZATION_LEVEL = 0;
				GCC_PREPROCESSOR_DEFINITIONS = (
					"DEBUG=1",
					"$(inherited)",
				);
				GCC_WARN_64_TO_32_BIT_CONVERSION = YES;
				GCC_WARN_ABOUT_RETURN_TYPE = YES_ERROR;
				GCC_WARN_UNDECLARED_SELECTOR = YES;
				GCC_WARN_UNINITIALIZED_AUTOS = YES_AGGRESSIVE;
				GCC_WARN_UNUSED_FUNCTION = YES;
				GCC_WARN_UNUSED_VARIABLE = YES;
				IPHONEOS_DEPLOYMENT_TARGET = 15.0;
				MTL_ENABLE_DEBUG_INFO = INCLUDE_SOURCE;
				MTL_FAST_MATH = YES;
				ONLY_ACTIVE_ARCH = YES;
				SDKROOT = iphoneos;
				SWIFT_ACTIVE_COMPILATION_CONDITIONS = DEBUG;
				SWIFT_OPTIMIZATION_LEVEL = "-Onone";
			};
			name = Debug;
		};
		17BB136926CB40BF00F9D637 /* Release */ = {
			isa = XCBuildConfiguration;
			buildSettings = {
				ALWAYS_SEARCH_USER_PATHS = NO;
				CLANG_ANALYZER_NONNULL = YES;
				CLANG_ANALYZER_NUMBER_OBJECT_CONVERSION = YES_AGGRESSIVE;
				CLANG_CXX_LANGUAGE_STANDARD = "gnu++17";
				CLANG_CXX_LIBRARY = "libc++";
				CLANG_ENABLE_MODULES = YES;
				CLANG_ENABLE_OBJC_ARC = YES;
				CLANG_ENABLE_OBJC_WEAK = YES;
				CLANG_WARN_BLOCK_CAPTURE_AUTORELEASING = YES;
				CLANG_WARN_BOOL_CONVERSION = YES;
				CLANG_WARN_COMMA = YES;
				CLANG_WARN_CONSTANT_CONVERSION = YES;
				CLANG_WARN_DEPRECATED_OBJC_IMPLEMENTATIONS = YES;
				CLANG_WARN_DIRECT_OBJC_ISA_USAGE = YES_ERROR;
				CLANG_WARN_DOCUMENTATION_COMMENTS = YES;
				CLANG_WARN_EMPTY_BODY = YES;
				CLANG_WARN_ENUM_CONVERSION = YES;
				CLANG_WARN_INFINITE_RECURSION = YES;
				CLANG_WARN_INT_CONVERSION = YES;
				CLANG_WARN_NON_LITERAL_NULL_CONVERSION = YES;
				CLANG_WARN_OBJC_IMPLICIT_RETAIN_SELF = YES;
				CLANG_WARN_OBJC_LITERAL_CONVERSION = YES;
				CLANG_WARN_OBJC_ROOT_CLASS = YES_ERROR;
				CLANG_WARN_QUOTED_INCLUDE_IN_FRAMEWORK_HEADER = YES;
				CLANG_WARN_RANGE_LOOP_ANALYSIS = YES;
				CLANG_WARN_STRICT_PROTOTYPES = YES;
				CLANG_WARN_SUSPICIOUS_MOVE = YES;
				CLANG_WARN_UNGUARDED_AVAILABILITY = YES_AGGRESSIVE;
				CLANG_WARN_UNREACHABLE_CODE = YES;
				CLANG_WARN__DUPLICATE_METHOD_MATCH = YES;
				COPY_PHASE_STRIP = NO;
				DEBUG_INFORMATION_FORMAT = "dwarf-with-dsym";
				ENABLE_NS_ASSERTIONS = NO;
				ENABLE_STRICT_OBJC_MSGSEND = YES;
				GCC_C_LANGUAGE_STANDARD = gnu11;
				GCC_NO_COMMON_BLOCKS = YES;
				GCC_WARN_64_TO_32_BIT_CONVERSION = YES;
				GCC_WARN_ABOUT_RETURN_TYPE = YES_ERROR;
				GCC_WARN_UNDECLARED_SELECTOR = YES;
				GCC_WARN_UNINITIALIZED_AUTOS = YES_AGGRESSIVE;
				GCC_WARN_UNUSED_FUNCTION = YES;
				GCC_WARN_UNUSED_VARIABLE = YES;
				IPHONEOS_DEPLOYMENT_TARGET = 15.0;
				MTL_ENABLE_DEBUG_INFO = NO;
				MTL_FAST_MATH = YES;
				SDKROOT = iphoneos;
				SWIFT_COMPILATION_MODE = wholemodule;
				SWIFT_OPTIMIZATION_LEVEL = "-O";
				VALIDATE_PRODUCT = YES;
			};
			name = Release;
		};
		17BB136B26CB40BF00F9D637 /* Debug */ = {
			isa = XCBuildConfiguration;
			buildSettings = {
				ASSETCATALOG_COMPILER_APPICON_NAME = AppIcon;
				ASSETCATALOG_COMPILER_GLOBAL_ACCENT_COLOR_NAME = AccentColor;
				CODE_SIGN_STYLE = Automatic;
				CURRENT_PROJECT_VERSION = 1;
				DEVELOPMENT_ASSET_PATHS = "\"Ambient Light/Preview Content\"";
				DEVELOPMENT_TEAM = 58L8WBJ63C;
				ENABLE_PREVIEWS = YES;
				GENERATE_INFOPLIST_FILE = YES;
				INFOPLIST_KEY_NSCameraUsageDescription = "";
				INFOPLIST_KEY_UIApplicationSupportsIndirectInputEvents = YES;
				INFOPLIST_KEY_UILaunchScreen_Generation = YES;
				INFOPLIST_KEY_UIRequiredDeviceCapabilities = arkit;
				INFOPLIST_KEY_UIStatusBarHidden = YES;
				INFOPLIST_KEY_UISupportedInterfaceOrientations_iPad = "UIInterfaceOrientationPortrait UIInterfaceOrientationPortraitUpsideDown UIInterfaceOrientationLandscapeLeft UIInterfaceOrientationLandscapeRight";
				INFOPLIST_KEY_UISupportedInterfaceOrientations_iPhone = "UIInterfaceOrientationPortrait UIInterfaceOrientationLandscapeLeft UIInterfaceOrientationLandscapeRight";
				LD_RUNPATH_SEARCH_PATHS = (
					"$(inherited)",
					"@executable_path/Frameworks",
				);
				MARKETING_VERSION = 1.0;
				PRODUCT_BUNDLE_IDENTIFIER = "com.empatheticbot.Ambient-Light";
				PRODUCT_NAME = "$(TARGET_NAME)";
				SWIFT_EMIT_LOC_STRINGS = YES;
				SWIFT_VERSION = 5.0;
				TARGETED_DEVICE_FAMILY = "1,2";
			};
			name = Debug;
		};
		17BB136C26CB40BF00F9D637 /* Release */ = {
			isa = XCBuildConfiguration;
			buildSettings = {
				ASSETCATALOG_COMPILER_APPICON_NAME = AppIcon;
				ASSETCATALOG_COMPILER_GLOBAL_ACCENT_COLOR_NAME = AccentColor;
				CODE_SIGN_STYLE = Automatic;
				CURRENT_PROJECT_VERSION = 1;
				DEVELOPMENT_ASSET_PATHS = "\"Ambient Light/Preview Content\"";
				DEVELOPMENT_TEAM = 58L8WBJ63C;
				ENABLE_PREVIEWS = YES;
				GENERATE_INFOPLIST_FILE = YES;
				INFOPLIST_KEY_NSCameraUsageDescription = "";
				INFOPLIST_KEY_UIApplicationSupportsIndirectInputEvents = YES;
				INFOPLIST_KEY_UILaunchScreen_Generation = YES;
				INFOPLIST_KEY_UIRequiredDeviceCapabilities = arkit;
				INFOPLIST_KEY_UIStatusBarHidden = YES;
				INFOPLIST_KEY_UISupportedInterfaceOrientations_iPad = "UIInterfaceOrientationPortrait UIInterfaceOrientationPortraitUpsideDown UIInterfaceOrientationLandscapeLeft UIInterfaceOrientationLandscapeRight";
				INFOPLIST_KEY_UISupportedInterfaceOrientations_iPhone = "UIInterfaceOrientationPortrait UIInterfaceOrientationLandscapeLeft UIInterfaceOrientationLandscapeRight";
				LD_RUNPATH_SEARCH_PATHS = (
					"$(inherited)",
					"@executable_path/Frameworks",
				);
				MARKETING_VERSION = 1.0;
				PRODUCT_BUNDLE_IDENTIFIER = "com.empatheticbot.Ambient-Light";
				PRODUCT_NAME = "$(TARGET_NAME)";
				SWIFT_EMIT_LOC_STRINGS = YES;
				SWIFT_VERSION = 5.0;
				TARGETED_DEVICE_FAMILY = "1,2";
			};
			name = Release;
		};
		17BB136E26CB40BF00F9D637 /* Debug */ = {
			isa = XCBuildConfiguration;
			buildSettings = {
				ALWAYS_EMBED_SWIFT_STANDARD_LIBRARIES = YES;
				BUNDLE_LOADER = "$(TEST_HOST)";
				CODE_SIGN_STYLE = Automatic;
				CURRENT_PROJECT_VERSION = 1;
				DEVELOPMENT_TEAM = 58L8WBJ63C;
				GENERATE_INFOPLIST_FILE = YES;
				IPHONEOS_DEPLOYMENT_TARGET = 15.0;
				LD_RUNPATH_SEARCH_PATHS = (
					"$(inherited)",
					"@executable_path/Frameworks",
					"@loader_path/Frameworks",
				);
				MARKETING_VERSION = 1.0;
				PRODUCT_BUNDLE_IDENTIFIER = "com.empatheticbot.Ambient-LightTests";
				PRODUCT_NAME = "$(TARGET_NAME)";
				SWIFT_EMIT_LOC_STRINGS = NO;
				SWIFT_VERSION = 5.0;
				TARGETED_DEVICE_FAMILY = "1,2";
				TEST_HOST = "$(BUILT_PRODUCTS_DIR)/Ambient Light.app/Ambient Light";
			};
			name = Debug;
		};
		17BB136F26CB40BF00F9D637 /* Release */ = {
			isa = XCBuildConfiguration;
			buildSettings = {
				ALWAYS_EMBED_SWIFT_STANDARD_LIBRARIES = YES;
				BUNDLE_LOADER = "$(TEST_HOST)";
				CODE_SIGN_STYLE = Automatic;
				CURRENT_PROJECT_VERSION = 1;
				DEVELOPMENT_TEAM = 58L8WBJ63C;
				GENERATE_INFOPLIST_FILE = YES;
				IPHONEOS_DEPLOYMENT_TARGET = 15.0;
				LD_RUNPATH_SEARCH_PATHS = (
					"$(inherited)",
					"@executable_path/Frameworks",
					"@loader_path/Frameworks",
				);
				MARKETING_VERSION = 1.0;
				PRODUCT_BUNDLE_IDENTIFIER = "com.empatheticbot.Ambient-LightTests";
				PRODUCT_NAME = "$(TARGET_NAME)";
				SWIFT_EMIT_LOC_STRINGS = NO;
				SWIFT_VERSION = 5.0;
				TARGETED_DEVICE_FAMILY = "1,2";
				TEST_HOST = "$(BUILT_PRODUCTS_DIR)/Ambient Light.app/Ambient Light";
			};
			name = Release;
		};
		17BB137126CB40BF00F9D637 /* Debug */ = {
			isa = XCBuildConfiguration;
			buildSettings = {
				ALWAYS_EMBED_SWIFT_STANDARD_LIBRARIES = YES;
				CODE_SIGN_STYLE = Automatic;
				CURRENT_PROJECT_VERSION = 1;
				DEVELOPMENT_TEAM = 58L8WBJ63C;
				GENERATE_INFOPLIST_FILE = YES;
				LD_RUNPATH_SEARCH_PATHS = (
					"$(inherited)",
					"@executable_path/Frameworks",
					"@loader_path/Frameworks",
				);
				MARKETING_VERSION = 1.0;
				PRODUCT_BUNDLE_IDENTIFIER = "com.empatheticbot.Ambient-LightUITests";
				PRODUCT_NAME = "$(TARGET_NAME)";
				SWIFT_EMIT_LOC_STRINGS = NO;
				SWIFT_VERSION = 5.0;
				TARGETED_DEVICE_FAMILY = "1,2";
				TEST_TARGET_NAME = "Ambient Light";
			};
			name = Debug;
		};
		17BB137226CB40BF00F9D637 /* Release */ = {
			isa = XCBuildConfiguration;
			buildSettings = {
				ALWAYS_EMBED_SWIFT_STANDARD_LIBRARIES = YES;
				CODE_SIGN_STYLE = Automatic;
				CURRENT_PROJECT_VERSION = 1;
				DEVELOPMENT_TEAM = 58L8WBJ63C;
				GENERATE_INFOPLIST_FILE = YES;
				LD_RUNPATH_SEARCH_PATHS = (
					"$(inherited)",
					"@executable_path/Frameworks",
					"@loader_path/Frameworks",
				);
				MARKETING_VERSION = 1.0;
				PRODUCT_BUNDLE_IDENTIFIER = "com.empatheticbot.Ambient-LightUITests";
				PRODUCT_NAME = "$(TARGET_NAME)";
				SWIFT_EMIT_LOC_STRINGS = NO;
				SWIFT_VERSION = 5.0;
				TARGETED_DEVICE_FAMILY = "1,2";
				TEST_TARGET_NAME = "Ambient Light";
			};
			name = Release;
		};
/* End XCBuildConfiguration section */

/* Begin XCConfigurationList section */
		17BB133F26CB40BD00F9D637 /* Build configuration list for PBXProject "Ambient Light" */ = {
			isa = XCConfigurationList;
			buildConfigurations = (
				17BB136826CB40BF00F9D637 /* Debug */,
				17BB136926CB40BF00F9D637 /* Release */,
			);
			defaultConfigurationIsVisible = 0;
			defaultConfigurationName = Release;
		};
		17BB136A26CB40BF00F9D637 /* Build configuration list for PBXNativeTarget "Ambient Light" */ = {
			isa = XCConfigurationList;
			buildConfigurations = (
				17BB136B26CB40BF00F9D637 /* Debug */,
				17BB136C26CB40BF00F9D637 /* Release */,
			);
			defaultConfigurationIsVisible = 0;
			defaultConfigurationName = Release;
		};
		17BB136D26CB40BF00F9D637 /* Build configuration list for PBXNativeTarget "Ambient LightTests" */ = {
			isa = XCConfigurationList;
			buildConfigurations = (
				17BB136E26CB40BF00F9D637 /* Debug */,
				17BB136F26CB40BF00F9D637 /* Release */,
			);
			defaultConfigurationIsVisible = 0;
			defaultConfigurationName = Release;
		};
		17BB137026CB40BF00F9D637 /* Build configuration list for PBXNativeTarget "Ambient LightUITests" */ = {
			isa = XCConfigurationList;
			buildConfigurations = (
				17BB137126CB40BF00F9D637 /* Debug */,
				17BB137226CB40BF00F9D637 /* Release */,
			);
			defaultConfigurationIsVisible = 0;
			defaultConfigurationName = Release;
		};
/* End XCConfigurationList section */
	};
	rootObject = 17BB133C26CB40BD00F9D637 /* Project object */;
}
